# THIS IS AN AUTOGENERATED FILE. DO NOT EDIT THIS FILE DIRECTLY.
# yarn lockfile v1


"@0no-co/graphql.web@^1.0.5":
  version "1.1.2"
  resolved "https://registry.yarnpkg.com/@0no-co/graphql.web/-/graphql.web-1.1.2.tgz#9af8deaf3f236c1c6ee99cc5349051475e5dcc83"
  integrity sha512-N2NGsU5FLBhT8NZ+3l2YrzZSHITjNXNuDhC4iDiikv0IujaJ0Xc6xIxQZ/Ek3Cb+rgPjnLHYyJm11tInuJn+cw==

"@urql/core@^5.1.1":
  version "5.1.1"
  resolved "https://registry.yarnpkg.com/@urql/core/-/core-5.1.1.tgz#d83c405451806a5936dabbd3f10a22967199e2f5"
  integrity sha512-aGh024z5v2oINGD/In6rAtVKTm4VmQ2TxKQBAtk2ZSME5dunZFcjltw4p5ENQg+5CBhZ3FHMzl0Oa+rwqiWqlg==
  dependencies:
    "@0no-co/graphql.web" "^1.0.5"
    wonka "^6.3.2"

typescript@^5.8.3:
  version "5.8.3"
  resolved "https://registry.yarnpkg.com/typescript/-/typescript-5.8.3.tgz#92f8a3e5e3cf497356f4178c34cd65a7f5e8440e"
  integrity sha512-p1diW6TqL9L07nNxvRMM7hMMw4c5XOo/1ibL4aAIGmSAt9slTE1Xgw5KWuof2uTOvCg9BY7ZRi+GaF+7sfgPeQ==

wonka@^6.3.2:
  version "6.3.5"
  resolved "https://registry.yarnpkg.com/wonka/-/wonka-6.3.5.tgz#33fa54ea700ff3e87b56fe32202112a9e8fea1a2"
  integrity sha512-SSil+ecw6B4/Dm7Pf2sAshKQ5hWFvfyGlfPbEd6A14dOH6VDjrmbY86u6nZvy9omGwwIPFR8V41+of1EezgoUw==
